// !$*UTF8*$!
{
	archiveVersion = 1;
	classes = {
	};
	objectVersion = 55;
	objects = {

/* Begin PBXBuildFile section */
		6AFEE051536FE7D5AC4D47B4 /* Pods_winwinHW.framework in Frameworks */ = {isa = PBXBuildFile; fileRef = 592C2763A248E5C5195FE1FD /* Pods_winwinHW.framework */; };
		80A1083928B5B798007DD74C /* AppDelegate.swift in Sources */ = {isa = PBXBuildFile; fileRef = 80A1083828B5B798007DD74C /* AppDelegate.swift */; };
		80A1083B28B5B798007DD74C /* SceneDelegate.swift in Sources */ = {isa = PBXBuildFile; fileRef = 80A1083A28B5B798007DD74C /* SceneDelegate.swift */; };
		80A1083D28B5B798007DD74C /* ViewController.swift in Sources */ = {isa = PBXBuildFile; fileRef = 80A1083C28B5B798007DD74C /* ViewController.swift */; };
		80A1084028B5B798007DD74C /* Main.storyboard in Resources */ = {isa = PBXBuildFile; fileRef = 80A1083E28B5B798007DD74C /* Main.storyboard */; };
		80A1084228B5B79A007DD74C /* Assets.xcassets in Resources */ = {isa = PBXBuildFile; fileRef = 80A1084128B5B79A007DD74C /* Assets.xcassets */; };
		80A1084528B5B79A007DD74C /* LaunchScreen.storyboard in Resources */ = {isa = PBXBuildFile; fileRef = 80A1084328B5B79A007DD74C /* LaunchScreen.storyboard */; };
		80A1085228B5B918007DD74C /* TableViewCell.swift in Sources */ = {isa = PBXBuildFile; fileRef = 80A1085028B5B918007DD74C /* TableViewCell.swift */; };
		80A1085328B5B918007DD74C /* TableViewCell.xib in Resources */ = {isa = PBXBuildFile; fileRef = 80A1085128B5B918007DD74C /* TableViewCell.xib */; };
		80A1085528B5BA4E007DD74C /* UserImfo.swift in Sources */ = {isa = PBXBuildFile; fileRef = 80A1085428B5BA4E007DD74C /* UserImfo.swift */; };
		80A1085928B5BE0C007DD74C /* AnchorExtensions.swift in Sources */ = {isa = PBXBuildFile; fileRef = 80A1085828B5BE0C007DD74C /* AnchorExtensions.swift */; };
/* End PBXBuildFile section */

/* Begin PBXFileReference section */
		592C2763A248E5C5195FE1FD /* Pods_winwinHW.framework */ = {isa = PBXFileReference; explicitFileType = wrapper.framework; includeInIndex = 0; path = Pods_winwinHW.framework; sourceTree = BUILT_PRODUCTS_DIR; };
		80A1083528B5B798007DD74C /* winwinHW.app */ = {isa = PBXFileReference; explicitFileType = wrapper.application; includeInIndex = 0; path = winwinHW.app; sourceTree = BUILT_PRODUCTS_DIR; };
		80A1083828B5B798007DD74C /* AppDelegate.swift */ = {isa = PBXFileReference; lastKnownFileType = sourcecode.swift; path = AppDelegate.swift; sourceTree = "<group>"; };
		80A1083A28B5B798007DD74C /* SceneDelegate.swift */ = {isa = PBXFileReference; lastKnownFileType = sourcecode.swift; path = SceneDelegate.swift; sourceTree = "<group>"; };
		80A1083C28B5B798007DD74C /* ViewController.swift */ = {isa = PBXFileReference; lastKnownFileType = sourcecode.swift; path = ViewController.swift; sourceTree = "<group>"; };
		80A1083F28B5B798007DD74C /* Base */ = {isa = PBXFileReference; lastKnownFileType = file.storyboard; name = Base; path = Base.lproj/Main.storyboard; sourceTree = "<group>"; };
		80A1084128B5B79A007DD74C /* Assets.xcassets */ = {isa = PBXFileReference; lastKnownFileType = folder.assetcatalog; path = Assets.xcassets; sourceTree = "<group>"; };
		80A1084428B5B79A007DD74C /* Base */ = {isa = PBXFileReference; lastKnownFileType = file.storyboard; name = Base; path = Base.lproj/LaunchScreen.storyboard; sourceTree = "<group>"; };
		80A1084628B5B79A007DD74C /* Info.plist */ = {isa = PBXFileReference; lastKnownFileType = text.plist.xml; path = Info.plist; sourceTree = "<group>"; };
		80A1085028B5B918007DD74C /* TableViewCell.swift */ = {isa = PBXFileReference; lastKnownFileType = sourcecode.swift; path = TableViewCell.swift; sourceTree = "<group>"; };
		80A1085128B5B918007DD74C /* TableViewCell.xib */ = {isa = PBXFileReference; lastKnownFileType = file.xib; path = TableViewCell.xib; sourceTree = "<group>"; };
		80A1085428B5BA4E007DD74C /* UserImfo.swift */ = {isa = PBXFileReference; lastKnownFileType = sourcecode.swift; path = UserImfo.swift; sourceTree = "<group>"; };
		80A1085828B5BE0C007DD74C /* AnchorExtensions.swift */ = {isa = PBXFileReference; fileEncoding = 4; lastKnownFileType = sourcecode.swift; path = AnchorExtensions.swift; sourceTree = "<group>"; };
		BA2FC197D935B477E0A3BE74 /* Pods-winwinHW.release.xcconfig */ = {isa = PBXFileReference; includeInIndex = 1; lastKnownFileType = text.xcconfig; name = "Pods-winwinHW.release.xcconfig"; path = "Target Support Files/Pods-winwinHW/Pods-winwinHW.release.xcconfig"; sourceTree = "<group>"; };
		FB85DE194AA0C25118F7C557 /* Pods-winwinHW.debug.xcconfig */ = {isa = PBXFileReference; includeInIndex = 1; lastKnownFileType = text.xcconfig; name = "Pods-winwinHW.debug.xcconfig"; path = "Target Support Files/Pods-winwinHW/Pods-winwinHW.debug.xcconfig"; sourceTree = "<group>"; };
/* End PBXFileReference section */

/* Begin PBXFrameworksBuildPhase section */
		80A1083228B5B798007DD74C /* Frameworks */ = {
			isa = PBXFrameworksBuildPhase;
			buildActionMask = 2147483647;
			files = (
				6AFEE051536FE7D5AC4D47B4 /* Pods_winwinHW.framework in Frameworks */,
			);
			runOnlyForDeploymentPostprocessing = 0;
		};
/* End PBXFrameworksBuildPhase section */

/* Begin PBXGroup section */
		2B7275B3F133B550531090AA /* Frameworks */ = {
			isa = PBXGroup;
			children = (
				592C2763A248E5C5195FE1FD /* Pods_winwinHW.framework */,
			);
			name = Frameworks;
			sourceTree = "<group>";
		};
		70A68CDA4252BAC3DC626F1B /* Pods */ = {
			isa = PBXGroup;
			children = (
				FB85DE194AA0C25118F7C557 /* Pods-winwinHW.debug.xcconfig */,
				BA2FC197D935B477E0A3BE74 /* Pods-winwinHW.release.xcconfig */,
			);
			name = Pods;
			path = Pods;
			sourceTree = "<group>";
		};
		80A1082C28B5B798007DD74C = {
			isa = PBXGroup;
			children = (
				80A1083728B5B798007DD74C /* winwinHW */,
				80A1083628B5B798007DD74C /* Products */,
				70A68CDA4252BAC3DC626F1B /* Pods */,
				2B7275B3F133B550531090AA /* Frameworks */,
			);
			sourceTree = "<group>";
		};
		80A1083628B5B798007DD74C /* Products */ = {
			isa = PBXGroup;
			children = (
				80A1083528B5B798007DD74C /* winwinHW.app */,
			);
			name = Products;
			sourceTree = "<group>";
		};
		80A1083728B5B798007DD74C /* winwinHW */ = {
			isa = PBXGroup;
			children = (
				80A1085A28B5BE23007DD74C /* Extensions */,
				80A1084F28B5B845007DD74C /* Model */,
				80A1084E28B5B825007DD74C /* Controller */,
				80A1084C28B5B7EA007DD74C /* View */,
				80A1083E28B5B798007DD74C /* Main.storyboard */,
				80A1083828B5B798007DD74C /* AppDelegate.swift */,
				80A1083A28B5B798007DD74C /* SceneDelegate.swift */,
				80A1084128B5B79A007DD74C /* Assets.xcassets */,
				80A1084328B5B79A007DD74C /* LaunchScreen.storyboard */,
				80A1084628B5B79A007DD74C /* Info.plist */,
			);
			path = winwinHW;
			sourceTree = "<group>";
		};
		80A1084C28B5B7EA007DD74C /* View */ = {
			isa = PBXGroup;
			children = (
				80A1085028B5B918007DD74C /* TableViewCell.swift */,
				80A1085128B5B918007DD74C /* TableViewCell.xib */,
			);
			path = View;
			sourceTree = "<group>";
		};
		80A1084E28B5B825007DD74C /* Controller */ = {
			isa = PBXGroup;
			children = (
				80A1083C28B5B798007DD74C /* ViewController.swift */,
			);
			path = Controller;
			sourceTree = "<group>";
		};
		80A1084F28B5B845007DD74C /* Model */ = {
			isa = PBXGroup;
			children = (
				80A1085428B5BA4E007DD74C /* UserImfo.swift */,
			);
			path = Model;
			sourceTree = "<group>";
		};
		80A1085A28B5BE23007DD74C /* Extensions */ = {
			isa = PBXGroup;
			children = (
				80A1085828B5BE0C007DD74C /* AnchorExtensions.swift */,
			);
			path = Extensions;
			sourceTree = "<group>";
		};
/* End PBXGroup section */

/* Begin PBXNativeTarget section */
		80A1083428B5B798007DD74C /* winwinHW */ = {
			isa = PBXNativeTarget;
			buildConfigurationList = 80A1084928B5B79A007DD74C /* Build configuration list for PBXNativeTarget "winwinHW" */;
			buildPhases = (
				20FCBF81DC6A8A86249317E1 /* [CP] Check Pods Manifest.lock */,
				80A1083128B5B798007DD74C /* Sources */,
				80A1083228B5B798007DD74C /* Frameworks */,
				80A1083328B5B798007DD74C /* Resources */,
				A213CFE81B6C641029684F11 /* [CP] Embed Pods Frameworks */,
			);
			buildRules = (
			);
			dependencies = (
			);
			name = winwinHW;
			productName = winwinHW;
			productReference = 80A1083528B5B798007DD74C /* winwinHW.app */;
			productType = "com.apple.product-type.application";
		};
/* End PBXNativeTarget section */

/* Begin PBXProject section */
		80A1082D28B5B798007DD74C /* Project object */ = {
			isa = PBXProject;
			attributes = {
				BuildIndependentTargetsInParallel = 1;
				LastSwiftUpdateCheck = 1340;
				LastUpgradeCheck = 1340;
				TargetAttributes = {
					80A1083428B5B798007DD74C = {
						CreatedOnToolsVersion = 13.4;
					};
				};
			};
			buildConfigurationList = 80A1083028B5B798007DD74C /* Build configuration list for PBXProject "winwinHW" */;
			compatibilityVersion = "Xcode 13.0";
			developmentRegion = en;
			hasScannedForEncodings = 0;
			knownRegions = (
				en,
				Base,
			);
			mainGroup = 80A1082C28B5B798007DD74C;
			productRefGroup = 80A1083628B5B798007DD74C /* Products */;
			projectDirPath = "";
			projectRoot = "";
			targets = (
				80A1083428B5B798007DD74C /* winwinHW */,
			);
		};
/* End PBXProject section */

/* Begin PBXResourcesBuildPhase section */
		80A1083328B5B798007DD74C /* Resources */ = {
			isa = PBXResourcesBuildPhase;
			buildActionMask = 2147483647;
			files = (
				80A1084528B5B79A007DD74C /* LaunchScreen.storyboard in Resources */,
				80A1085328B5B918007DD74C /* TableViewCell.xib in Resources */,
				80A1084228B5B79A007DD74C /* Assets.xcassets in Resources */,
				80A1084028B5B798007DD74C /* Main.storyboard in Resources */,
			);
			runOnlyForDeploymentPostprocessing = 0;
		};
/* End PBXResourcesBuildPhase section */

/* Begin PBXShellScriptBuildPhase section */
		20FCBF81DC6A8A86249317E1 /* [CP] Check Pods Manifest.lock */ = {
			isa = PBXShellScriptBuildPhase;
			buildActionMask = 2147483647;
			files = (
			);
			inputFileListPaths = (
			);
			inputPaths = (
				"${PODS_PODFILE_DIR_PATH}/Podfile.lock",
				"${PODS_ROOT}/Manifest.lock",
			);
			name = "[CP] Check Pods Manifest.lock";
			outputFileListPaths = (
			);
			outputPaths = (
				"$(DERIVED_FILE_DIR)/Pods-winwinHW-checkManifestLockResult.txt",
			);
			runOnlyForDeploymentPostprocessing = 0;
			shellPath = /bin/sh;
			shellScript = "diff \"${PODS_PODFILE_DIR_PATH}/Podfile.lock\" \"${PODS_ROOT}/Manifest.lock\" > /dev/null\nif [ $? != 0 ] ; then\n    # print error to STDERR\n    echo \"error: The sandbox is not in sync with the Podfile.lock. Run 'pod install' or update your CocoaPods installation.\" >&2\n    exit 1\nfi\n# This output is used by Xcode 'outputs' to avoid re-running this script phase.\necho \"SUCCESS\" > \"${SCRIPT_OUTPUT_FILE_0}\"\n";
			showEnvVarsInLog = 0;
		};
		A213CFE81B6C641029684F11 /* [CP] Embed Pods Frameworks */ = {
			isa = PBXShellScriptBuildPhase;
			buildActionMask = 2147483647;
			files = (
			);
			inputFileListPaths = (
				"${PODS_ROOT}/Target Support Files/Pods-winwinHW/Pods-winwinHW-frameworks-${CONFIGURATION}-input-files.xcfilelist",
			);
			name = "[CP] Embed Pods Frameworks";
			outputFileListPaths = (
				"${PODS_ROOT}/Target Support Files/Pods-winwinHW/Pods-winwinHW-frameworks-${CONFIGURATION}-output-files.xcfilelist",
			);
			runOnlyForDeploymentPostprocessing = 0;
			shellPath = /bin/sh;
			shellScript = "\"${PODS_ROOT}/Target Support Files/Pods-winwinHW/Pods-winwinHW-frameworks.sh\"\n";
			showEnvVarsInLog = 0;
		};
/* End PBXShellScriptBuildPhase section */

/* Begin PBXSourcesBuildPhase section */
		80A1083128B5B798007DD74C /* Sources */ = {
			isa = PBXSourcesBuildPhase;
			buildActionMask = 2147483647;
			files = (
				80A1085928B5BE0C007DD74C /* AnchorExtensions.swift in Sources */,
				80A1085528B5BA4E007DD74C /* UserImfo.swift in Sources */,
				80A1083D28B5B798007DD74C /* ViewController.swift in Sources */,
				80A1085228B5B918007DD74C /* TableViewCell.swift in Sources */,
				80A1083928B5B798007DD74C /* AppDelegate.swift in Sources */,
				80A1083B28B5B798007DD74C /* SceneDelegate.swift in Sources */,
			);
			runOnlyForDeploymentPostprocessing = 0;
		};
/* End PBXSourcesBuildPhase section */

/* Begin PBXVariantGroup section */
		80A1083E28B5B798007DD74C /* Main.storyboard */ = {
			isa = PBXVariantGroup;
			children = (
				80A1083F28B5B798007DD74C /* Base */,
			);
			name = Main.storyboard;
			sourceTree = "<group>";
		};
		80A1084328B5B79A007DD74C /* LaunchScreen.storyboard */ = {
			isa = PBXVariantGroup;
			children = (
				80A1084428B5B79A007DD74C /* Base */,
			);
			name = LaunchScreen.storyboard;
			sourceTree = "<group>";
		};
/* End PBXVariantGroup section */

/* Begin XCBuildConfiguration section */
		80A1084728B5B79A007DD74C /* Debug */ = {
			isa = XCBuildConfiguration;
			buildSettings = {
				ALWAYS_SEARCH_USER_PATHS = NO;
				CLANG_ANALYZER_NONNULL = YES;
				CLANG_ANALYZER_NUMBER_OBJECT_CONVERSION = YES_AGGRESSIVE;
				CLANG_CXX_LANGUAGE_STANDARD = "gnu++17";
				CLANG_ENABLE_MODULES = YES;
				CLANG_ENABLE_OBJC_ARC = YES;
				CLANG_ENABLE_OBJC_WEAK = YES;
				CLANG_WARN_BLOCK_CAPTURE_AUTORELEASING = YES;
				CLANG_WARN_BOOL_CONVERSION = YES;
				CLANG_WARN_COMMA = YES;
				CLANG_WARN_CONSTANT_CONVERSION = YES;
				CLANG_WARN_DEPRECATED_OBJC_IMPLEMENTATIONS = YES;
				CLANG_WARN_DIRECT_OBJC_ISA_USAGE = YES_ERROR;
				CLANG_WARN_DOCUMENTATION_COMMENTS = YES;
				CLANG_WARN_EMPTY_BODY = YES;
				CLANG_WARN_ENUM_CONVERSION = YES;
				CLANG_WARN_INFINITE_RECURSION = YES;
				CLANG_WARN_INT_CONVERSION = YES;
				CLANG_WARN_NON_LITERAL_NULL_CONVERSION = YES;
				CLANG_WARN_OBJC_IMPLICIT_RETAIN_SELF = YES;
				CLANG_WARN_OBJC_LITERAL_CONVERSION = YES;
				CLANG_WARN_OBJC_ROOT_CLASS = YES_ERROR;
				CLANG_WARN_QUOTED_INCLUDE_IN_FRAMEWORK_HEADER = YES;
				CLANG_WARN_RANGE_LOOP_ANALYSIS = YES;
				CLANG_WARN_STRICT_PROTOTYPES = YES;
				CLANG_WARN_SUSPICIOUS_MOVE = YES;
				CLANG_WARN_UNGUARDED_AVAILABILITY = YES_AGGRESSIVE;
				CLANG_WARN_UNREACHABLE_CODE = YES;
				CLANG_WARN__DUPLICATE_METHOD_MATCH = YES;
				COPY_PHASE_STRIP = NO;
				DEBUG_INFORMATION_FORMAT = dwarf;
				ENABLE_STRICT_OBJC_MSGSEND = YES;
				ENABLE_TESTABILITY = YES;
				GCC_C_LANGUAGE_STANDARD = gnu11;
				GCC_DYNAMIC_NO_PIC = NO;
				GCC_NO_COMMON_BLOCKS = YES;
				GCC_OPTIMIZATION_LEVEL = 0;
				GCC_PREPROCESSOR_DEFINITIONS = (
					"DEBUG=1",
					"$(inherited)",
				);
				GCC_WARN_64_TO_32_BIT_CONVERSION = YES;
				GCC_WARN_ABOUT_RETURN_TYPE = YES_ERROR;
				GCC_WARN_UNDECLARED_SELECTOR = YES;
				GCC_WARN_UNINITIALIZED_AUTOS = YES_AGGRESSIVE;
				GCC_WARN_UNUSED_FUNCTION = YES;
				GCC_WARN_UNUSED_VARIABLE = YES;
				IPHONEOS_DEPLOYMENT_TARGET = 15.5;
				MTL_ENABLE_DEBUG_INFO = INCLUDE_SOURCE;
				MTL_FAST_MATH = YES;
				ONLY_ACTIVE_ARCH = YES;
				SDKROOT = iphoneos;
				SWIFT_ACTIVE_COMPILATION_CONDITIONS = DEBUG;
				SWIFT_OPTIMIZATION_LEVEL = "-Onone";
			};
			name = Debug;
		};
		80A1084828B5B79A007DD74C /* Release */ = {
			isa = XCBuildConfiguration;
			buildSettings = {
				ALWAYS_SEARCH_USER_PATHS = NO;
				CLANG_ANALYZER_NONNULL = YES;
				CLANG_ANALYZER_NUMBER_OBJECT_CONVERSION = YES_AGGRESSIVE;
				CLANG_CXX_LANGUAGE_STANDARD = "gnu++17";
				CLANG_ENABLE_MODULES = YES;
				CLANG_ENABLE_OBJC_ARC = YES;
				CLANG_ENABLE_OBJC_WEAK = YES;
				CLANG_WARN_BLOCK_CAPTURE_AUTORELEASING = YES;
				CLANG_WARN_BOOL_CONVERSION = YES;
				CLANG_WARN_COMMA = YES;
				CLANG_WARN_CONSTANT_CONVERSION = YES;
				CLANG_WARN_DEPRECATED_OBJC_IMPLEMENTATIONS = YES;
				CLANG_WARN_DIRECT_OBJC_ISA_USAGE = YES_ERROR;
				CLANG_WARN_DOCUMENTATION_COMMENTS = YES;
				CLANG_WARN_EMPTY_BODY = YES;
				CLANG_WARN_ENUM_CONVERSION = YES;
				CLANG_WARN_INFINITE_RECURSION = YES;
				CLANG_WARN_INT_CONVERSION = YES;
				CLANG_WARN_NON_LITERAL_NULL_CONVERSION = YES;
				CLANG_WARN_OBJC_IMPLICIT_RETAIN_SELF = YES;
				CLANG_WARN_OBJC_LITERAL_CONVERSION = YES;
				CLANG_WARN_OBJC_ROOT_CLASS = YES_ERROR;
				CLANG_WARN_QUOTED_INCLUDE_IN_FRAMEWORK_HEADER = YES;
				CLANG_WARN_RANGE_LOOP_ANALYSIS = YES;
				CLANG_WARN_STRICT_PROTOTYPES = YES;
				CLANG_WARN_SUSPICIOUS_MOVE = YES;
				CLANG_WARN_UNGUARDED_AVAILABILITY = YES_AGGRESSIVE;
				CLANG_WARN_UNREACHABLE_CODE = YES;
				CLANG_WARN__DUPLICATE_METHOD_MATCH = YES;
				COPY_PHASE_STRIP = NO;
				DEBUG_INFORMATION_FORMAT = "dwarf-with-dsym";
				ENABLE_NS_ASSERTIONS = NO;
				ENABLE_STRICT_OBJC_MSGSEND = YES;
				GCC_C_LANGUAGE_STANDARD = gnu11;
				GCC_NO_COMMON_BLOCKS = YES;
				GCC_WARN_64_TO_32_BIT_CONVERSION = YES;
				GCC_WARN_ABOUT_RETURN_TYPE = YES_ERROR;
				GCC_WARN_UNDECLARED_SELECTOR = YES;
				GCC_WARN_UNINITIALIZED_AUTOS = YES_AGGRESSIVE;
				GCC_WARN_UNUSED_FUNCTION = YES;
				GCC_WARN_UNUSED_VARIABLE = YES;
				IPHONEOS_DEPLOYMENT_TARGET = 15.5;
				MTL_ENABLE_DEBUG_INFO = NO;
				MTL_FAST_MATH = YES;
				SDKROOT = iphoneos;
				SWIFT_COMPILATION_MODE = wholemodule;
				SWIFT_OPTIMIZATION_LEVEL = "-O";
				VALIDATE_PRODUCT = YES;
			};
			name = Release;
		};
		80A1084A28B5B79A007DD74C /* Debug */ = {
			isa = XCBuildConfiguration;
			baseConfigurationReference = FB85DE194AA0C25118F7C557 /* Pods-winwinHW.debug.xcconfig */;
			buildSettings = {
				ASSETCATALOG_COMPILER_APPICON_NAME = AppIcon;
				ASSETCATALOG_COMPILER_GLOBAL_ACCENT_COLOR_NAME = AccentColor;
				CODE_SIGN_STYLE = Automatic;
				CURRENT_PROJECT_VERSION = 1;
				DEVELOPMENT_TEAM = SN648B7298;
				GENERATE_INFOPLIST_FILE = YES;
				INFOPLIST_FILE = winwinHW/Info.plist;
				INFOPLIST_KEY_UIApplicationSupportsIndirectInputEvents = YES;
				INFOPLIST_KEY_UILaunchStoryboardName = LaunchScreen;
				INFOPLIST_KEY_UIMainStoryboardFile = Main;
				INFOPLIST_KEY_UISupportedInterfaceOrientations_iPad = "UIInterfaceOrientationPortrait UIInterfaceOrientationPortraitUpsideDown UIInterfaceOrientationLandscapeLeft UIInterfaceOrientationLandscapeRight";
				INFOPLIST_KEY_UISupportedInterfaceOrientations_iPhone = "UIInterfaceOrientationPortrait UIInterfaceOrientationLandscapeLeft UIInterfaceOrientationLandscapeRight";
				LD_RUNPATH_SEARCH_PATHS = (
					"$(inherited)",
					"@executable_path/Frameworks",
				);
				MARKETING_VERSION = 1.0;
				PRODUCT_BUNDLE_IDENTIFIER = com.yang.Yustagram.winwinHW;
				PRODUCT_NAME = "$(TARGET_NAME)";
				SWIFT_EMIT_LOC_STRINGS = YES;
				SWIFT_VERSION = 5.0;
				TARGETED_DEVICE_FAMILY = "1,2";
			};
			name = Debug;
		};
		80A1084B28B5B79A007DD74C /* Release */ = {
			isa = XCBuildConfiguration;
			baseConfigurationReference = BA2FC197D935B477E0A3BE74 /* Pods-winwinHW.release.xcconfig */;
			buildSettings = {
				ASSETCATALOG_COMPILER_APPICON_NAME = AppIcon;
				ASSETCATALOG_COMPILER_GLOBAL_ACCENT_COLOR_NAME = AccentColor;
				CODE_SIGN_STYLE = Automatic;
				CURRENT_PROJECT_VERSION = 1;
				DEVELOPMENT_TEAM = SN648B7298;
				GENERATE_INFOPLIST_FILE = YES;
				INFOPLIST_FILE = winwinHW/Info.plist;
				INFOPLIST_KEY_UIApplicationSupportsIndirectInputEvents = YES;
				INFOPLIST_KEY_UILaunchStoryboardName = LaunchScreen;
				INFOPLIST_KEY_UIMainStoryboardFile = Main;
				INFOPLIST_KEY_UISupportedInterfaceOrientations_iPad = "UIInterfaceOrientationPortrait UIInterfaceOrientationPortraitUpsideDown UIInterfaceOrientationLandscapeLeft UIInterfaceOrientationLandscapeRight";
				INFOPLIST_KEY_UISupportedInterfaceOrientations_iPhone = "UIInterfaceOrientationPortrait UIInterfaceOrientationLandscapeLeft UIInterfaceOrientationLandscapeRight";
				LD_RUNPATH_SEARCH_PATHS = (
					"$(inherited)",
					"@executable_path/Frameworks",
				);
				MARKETING_VERSION = 1.0;
				PRODUCT_BUNDLE_IDENTIFIER = com.yang.Yustagram.winwinHW;
				PRODUCT_NAME = "$(TARGET_NAME)";
				SWIFT_EMIT_LOC_STRINGS = YES;
				SWIFT_VERSION = 5.0;
				TARGETED_DEVICE_FAMILY = "1,2";
			};
			name = Release;
		};
/* End XCBuildConfiguration section */

/* Begin XCConfigurationList section */
		80A1083028B5B798007DD74C /* Build configuration list for PBXProject "winwinHW" */ = {
			isa = XCConfigurationList;
			buildConfigurations = (
				80A1084728B5B79A007DD74C /* Debug */,
				80A1084828B5B79A007DD74C /* Release */,
			);
			defaultConfigurationIsVisible = 0;
			defaultConfigurationName = Release;
		};
		80A1084928B5B79A007DD74C /* Build configuration list for PBXNativeTarget "winwinHW" */ = {
			isa = XCConfigurationList;
			buildConfigurations = (
				80A1084A28B5B79A007DD74C /* Debug */,
				80A1084B28B5B79A007DD74C /* Release */,
			);
			defaultConfigurationIsVisible = 0;
			defaultConfigurationName = Release;
		};
/* End XCConfigurationList section */
	};
	rootObject = 80A1082D28B5B798007DD74C /* Project object */;
}
